
Microsoft Visual Studio Solution File, Format Version 12.00
# Visual Studio Version 16
VisualStudioVersion = 16.0.31424.327
MinimumVisualStudioVersion = 10.0.40219.1
Project("{9A19103F-16F7-4668-BE54-9A1E7A4F7556}") = "SafariParkApp", "SafariParkApp\SafariParkApp.csproj", "{888384F6-5CF4-464E-A10B-6EC5D3E1A81E}"
EndProject
Project("{FAE04EC0-301F-11D3-BF4B-00C04F79EFBC}") = "SafariParkTest", "SafariParkTest\SafariParkTest.csproj", "{BC634BF7-69A1-48D5-964C-109DBBFF20AF}"
EndProject
Global
	GlobalSection(SolutionConfigurationPlatforms) = preSolution
		Debug|Any CPU = Debug|Any CPU
		Release|Any CPU = Release|Any CPU
	EndGlobalSection
	GlobalSection(ProjectConfigurationPlatforms) = postSolution
		{888384F6-5CF4-464E-A10B-6EC5D3E1A81E}.Debug|Any CPU.ActiveCfg = Debug|Any CPU
		{888384F6-5CF4-464E-A10B-6EC5D3E1A81E}.Debug|Any CPU.Build.0 = Debug|Any CPU
		{888384F6-5CF4-464E-A10B-6EC5D3E1A81E}.Release|Any CPU.ActiveCfg = Release|Any CPU
		{888384F6-5CF4-464E-A10B-6EC5D3E1A81E}.Release|Any CPU.Build.0 = Release|Any CPU
		{BC634BF7-69A1-48D5-964C-109DBBFF20AF}.Debug|Any CPU.ActiveCfg = Debug|Any CPU
		{BC634BF7-69A1-48D5-964C-109DBBFF20AF}.Debug|Any CPU.Build.0 = Debug|Any CPU
		{BC634BF7-69A1-48D5-964C-109DBBFF20AF}.Release|Any CPU.ActiveCfg = Release|Any CPU
		{BC634BF7-69A1-48D5-964C-109DBBFF20AF}.Release|Any CPU.Build.0 = Release|Any CPU
	EndGlobalSection
	GlobalSection(SolutionProperties) = preSolution
		HideSolutionNode = FALSE
	EndGlobalSection
	GlobalSection(ExtensibilityGlobals) = postSolution
		SolutionGuid = {6A7D22E6-E9E6-4F81-A415-7C3F4F9DF85D}
	EndGlobalSection
EndGlobal
